
Microsoft Visual Studio Solution File, Format Version 12.00
# Visual Studio Version 17
VisualStudioVersion = 17.7.34221.43
MinimumVisualStudioVersion = 10.0.40219.1
Project("{FAE04EC0-301F-11D3-BF4B-00C04F79EFBC}") = "ReserveTeste.Api", "ReserveTeste.Api\ReserveTeste.Api.csproj", "{5EB90CB4-3ABD-4BDF-8969-AAB25C96EE32}"
EndProject
Project("{FAE04EC0-301F-11D3-BF4B-00C04F79EFBC}") = "ReserveTeste.Mvc", "ReserveTeste.Mvc\ReserveTeste.Mvc.csproj", "{DF6AD65D-2130-430E-ADE1-0F1D628BC5A5}"
EndProject
Project("{FAE04EC0-301F-11D3-BF4B-00C04F79EFBC}") = "ReserveTeste.Core", "ReserveTeste.Core\ReserveTeste.Core.csproj", "{4CE466CF-80FC-4A76-8740-0010849D79FA}"
EndProject
Global
	GlobalSection(SolutionConfigurationPlatforms) = preSolution
		Debug|Any CPU = Debug|Any CPU
		Release|Any CPU = Release|Any CPU
	EndGlobalSection
	GlobalSection(ProjectConfigurationPlatforms) = postSolution
		{5EB90CB4-3ABD-4BDF-8969-AAB25C96EE32}.Debug|Any CPU.ActiveCfg = Debug|Any CPU
		{5EB90CB4-3ABD-4BDF-8969-AAB25C96EE32}.Debug|Any CPU.Build.0 = Debug|Any CPU
		{5EB90CB4-3ABD-4BDF-8969-AAB25C96EE32}.Release|Any CPU.ActiveCfg = Release|Any CPU
		{5EB90CB4-3ABD-4BDF-8969-AAB25C96EE32}.Release|Any CPU.Build.0 = Release|Any CPU
		{DF6AD65D-2130-430E-ADE1-0F1D628BC5A5}.Debug|Any CPU.ActiveCfg = Debug|Any CPU
		{DF6AD65D-2130-430E-ADE1-0F1D628BC5A5}.Debug|Any CPU.Build.0 = Debug|Any CPU
		{DF6AD65D-2130-430E-ADE1-0F1D628BC5A5}.Release|Any CPU.ActiveCfg = Release|Any CPU
		{DF6AD65D-2130-430E-ADE1-0F1D628BC5A5}.Release|Any CPU.Build.0 = Release|Any CPU
		{4CE466CF-80FC-4A76-8740-0010849D79FA}.Debug|Any CPU.ActiveCfg = Debug|Any CPU
		{4CE466CF-80FC-4A76-8740-0010849D79FA}.Debug|Any CPU.Build.0 = Debug|Any CPU
		{4CE466CF-80FC-4A76-8740-0010849D79FA}.Release|Any CPU.ActiveCfg = Release|Any CPU
		{4CE466CF-80FC-4A76-8740-0010849D79FA}.Release|Any CPU.Build.0 = Release|Any CPU
	EndGlobalSection
	GlobalSection(SolutionProperties) = preSolution
		HideSolutionNode = FALSE
	EndGlobalSection
	GlobalSection(ExtensibilityGlobals) = postSolution
		SolutionGuid = {85E893B6-98EA-4291-90CE-8C24145A1D66}
	EndGlobalSection
EndGlobal
